
Microsoft Visual Studio Solution File, Format Version 12.00
# Visual Studio Version 16
VisualStudioVersion = 16.0.30413.136
MinimumVisualStudioVersion = 10.0.40219.1
Project("{9A19103F-16F7-4668-BE54-9A1E7A4F7556}") = "Dal", "Dal\Dal.csproj", "{23485EC9-6E12-4FB0-A01E-76FAC5397CE0}"
EndProject
Project("{9A19103F-16F7-4668-BE54-9A1E7A4F7556}") = "FruitMarket", "FruitMarket\FruitMarket.csproj", "{F225018A-A0E4-478A-BED3-260C80CB1D86}"
EndProject
Project("{FAE04EC0-301F-11D3-BF4B-00C04F79EFBC}") = "Test.Unit", "Test.Unit\Test.Unit.csproj", "{7BB57003-2D7A-4B92-B288-ECBF8D56C4D2}"
EndProject
Global
	GlobalSection(SolutionConfigurationPlatforms) = preSolution
		Debug|Any CPU = Debug|Any CPU
		Release|Any CPU = Release|Any CPU
	EndGlobalSection
	GlobalSection(ProjectConfigurationPlatforms) = postSolution
		{23485EC9-6E12-4FB0-A01E-76FAC5397CE0}.Debug|Any CPU.ActiveCfg = Debug|Any CPU
		{23485EC9-6E12-4FB0-A01E-76FAC5397CE0}.Debug|Any CPU.Build.0 = Debug|Any CPU
		{23485EC9-6E12-4FB0-A01E-76FAC5397CE0}.Release|Any CPU.ActiveCfg = Release|Any CPU
		{23485EC9-6E12-4FB0-A01E-76FAC5397CE0}.Release|Any CPU.Build.0 = Release|Any CPU
		{F225018A-A0E4-478A-BED3-260C80CB1D86}.Debug|Any CPU.ActiveCfg = Debug|Any CPU
		{F225018A-A0E4-478A-BED3-260C80CB1D86}.Debug|Any CPU.Build.0 = Debug|Any CPU
		{F225018A-A0E4-478A-BED3-260C80CB1D86}.Release|Any CPU.ActiveCfg = Release|Any CPU
		{F225018A-A0E4-478A-BED3-260C80CB1D86}.Release|Any CPU.Build.0 = Release|Any CPU
		{7BB57003-2D7A-4B92-B288-ECBF8D56C4D2}.Debug|Any CPU.ActiveCfg = Debug|Any CPU
		{7BB57003-2D7A-4B92-B288-ECBF8D56C4D2}.Debug|Any CPU.Build.0 = Debug|Any CPU
		{7BB57003-2D7A-4B92-B288-ECBF8D56C4D2}.Release|Any CPU.ActiveCfg = Release|Any CPU
		{7BB57003-2D7A-4B92-B288-ECBF8D56C4D2}.Release|Any CPU.Build.0 = Release|Any CPU
	EndGlobalSection
	GlobalSection(SolutionProperties) = preSolution
		HideSolutionNode = FALSE
	EndGlobalSection
	GlobalSection(ExtensibilityGlobals) = postSolution
		SolutionGuid = {AAAA5F09-D00B-43FF-9229-AAEF882A309F}
	EndGlobalSection
EndGlobal
